
Microsoft Visual Studio Solution File, Format Version 12.00
# Visual Studio Version 16
VisualStudioVersion = 16.0.30709.132
MinimumVisualStudioVersion = 10.0.40219.1
Project("{2150E333-8FDC-42A3-9474-1A3956D46DE8}") = "Doc", "Doc", "{E8C6C40F-2130-4488-9441-9D0646B6A14D}"
EndProject
Project("{2150E333-8FDC-42A3-9474-1A3956D46DE8}") = "Src", "Src", "{A26FBABF-E34D-4A0E-8054-B0CF99B52716}"
EndProject
Project("{2150E333-8FDC-42A3-9474-1A3956D46DE8}") = "Test", "Test", "{E0952BBE-EA92-48A8-9CD9-CAEECD5AE20A}"
EndProject
Project("{2150E333-8FDC-42A3-9474-1A3956D46DE8}") = "Core", "Core", "{1254A41F-BD20-45CD-A437-442848690334}"
EndProject
Project("{2150E333-8FDC-42A3-9474-1A3956D46DE8}") = "Infrastructure", "Infrastructure", "{6BC02581-0933-4F3D-A7D1-63EF4B75AA52}"
EndProject
Project("{2150E333-8FDC-42A3-9474-1A3956D46DE8}") = "Presentation", "Presentation", "{317BB4F2-B48C-4589-9A5D-CDEA44156D16}"
EndProject
Project("{2150E333-8FDC-42A3-9474-1A3956D46DE8}") = "Common", "Common", "{8538CE11-ADF9-4DB6-B1C0-64C8A2606564}"
EndProject
Project("{FAE04EC0-301F-11D3-BF4B-00C04F79EFBC}") = "GameSpot_Blog.Domain", "GameSpot_Blog.Domain\GameSpot_Blog.Domain.csproj", "{3CE38339-8722-41AA-99E4-FFF6EC08E524}"
EndProject
Project("{FAE04EC0-301F-11D3-BF4B-00C04F79EFBC}") = "GameSpot_Blog.Application", "GameSpot_Blog.Application\GameSpot_Blog.Application.csproj", "{24246D76-99B8-434F-A9E0-E2DCFADB9150}"
EndProject
Project("{FAE04EC0-301F-11D3-BF4B-00C04F79EFBC}") = "GameSpot_Blog.Infrastructure", "GameSpot_Blog.Infrastructure\GameSpot_Blog.Infrastructure.csproj", "{0EC9E6AB-39DA-4B5A-936C-031BEE8ED7D4}"
EndProject
Project("{FAE04EC0-301F-11D3-BF4B-00C04F79EFBC}") = "GameSpot_Blog.Persistence", "GameSpot_Blog.Persistence\GameSpot_Blog.Persistence.csproj", "{661355E9-053B-479C-9C2C-CB5ECA223BBB}"
EndProject
Project("{FAE04EC0-301F-11D3-BF4B-00C04F79EFBC}") = "GameSpot_Blog.Common", "GameSpot_Blog.Common\GameSpot_Blog.Common.csproj", "{D3C98B66-993F-4099-87E2-16FBA8D58D84}"
EndProject
Project("{FAE04EC0-301F-11D3-BF4B-00C04F79EFBC}") = "EndPoint.Blog", "EndPoint.Blog\EndPoint.Blog.csproj", "{1F791D7C-3DFE-47AB-8518-710F24FB75F9}"
EndProject
Global
	GlobalSection(SolutionConfigurationPlatforms) = preSolution
		Debug|Any CPU = Debug|Any CPU
		Release|Any CPU = Release|Any CPU
	EndGlobalSection
	GlobalSection(ProjectConfigurationPlatforms) = postSolution
		{3CE38339-8722-41AA-99E4-FFF6EC08E524}.Debug|Any CPU.ActiveCfg = Debug|Any CPU
		{3CE38339-8722-41AA-99E4-FFF6EC08E524}.Debug|Any CPU.Build.0 = Debug|Any CPU
		{3CE38339-8722-41AA-99E4-FFF6EC08E524}.Release|Any CPU.ActiveCfg = Release|Any CPU
		{3CE38339-8722-41AA-99E4-FFF6EC08E524}.Release|Any CPU.Build.0 = Release|Any CPU
		{24246D76-99B8-434F-A9E0-E2DCFADB9150}.Debug|Any CPU.ActiveCfg = Debug|Any CPU
		{24246D76-99B8-434F-A9E0-E2DCFADB9150}.Debug|Any CPU.Build.0 = Debug|Any CPU
		{24246D76-99B8-434F-A9E0-E2DCFADB9150}.Release|Any CPU.ActiveCfg = Release|Any CPU
		{24246D76-99B8-434F-A9E0-E2DCFADB9150}.Release|Any CPU.Build.0 = Release|Any CPU
		{0EC9E6AB-39DA-4B5A-936C-031BEE8ED7D4}.Debug|Any CPU.ActiveCfg = Debug|Any CPU
		{0EC9E6AB-39DA-4B5A-936C-031BEE8ED7D4}.Debug|Any CPU.Build.0 = Debug|Any CPU
		{0EC9E6AB-39DA-4B5A-936C-031BEE8ED7D4}.Release|Any CPU.ActiveCfg = Release|Any CPU
		{0EC9E6AB-39DA-4B5A-936C-031BEE8ED7D4}.Release|Any CPU.Build.0 = Release|Any CPU
		{661355E9-053B-479C-9C2C-CB5ECA223BBB}.Debug|Any CPU.ActiveCfg = Debug|Any CPU
		{661355E9-053B-479C-9C2C-CB5ECA223BBB}.Debug|Any CPU.Build.0 = Debug|Any CPU
		{661355E9-053B-479C-9C2C-CB5ECA223BBB}.Release|Any CPU.ActiveCfg = Release|Any CPU
		{661355E9-053B-479C-9C2C-CB5ECA223BBB}.Release|Any CPU.Build.0 = Release|Any CPU
		{D3C98B66-993F-4099-87E2-16FBA8D58D84}.Debug|Any CPU.ActiveCfg = Debug|Any CPU
		{D3C98B66-993F-4099-87E2-16FBA8D58D84}.Debug|Any CPU.Build.0 = Debug|Any CPU
		{D3C98B66-993F-4099-87E2-16FBA8D58D84}.Release|Any CPU.ActiveCfg = Release|Any CPU
		{D3C98B66-993F-4099-87E2-16FBA8D58D84}.Release|Any CPU.Build.0 = Release|Any CPU
		{1F791D7C-3DFE-47AB-8518-710F24FB75F9}.Debug|Any CPU.ActiveCfg = Debug|Any CPU
		{1F791D7C-3DFE-47AB-8518-710F24FB75F9}.Debug|Any CPU.Build.0 = Debug|Any CPU
		{1F791D7C-3DFE-47AB-8518-710F24FB75F9}.Release|Any CPU.ActiveCfg = Release|Any CPU
		{1F791D7C-3DFE-47AB-8518-710F24FB75F9}.Release|Any CPU.Build.0 = Release|Any CPU
	EndGlobalSection
	GlobalSection(SolutionProperties) = preSolution
		HideSolutionNode = FALSE
	EndGlobalSection
	GlobalSection(NestedProjects) = preSolution
		{1254A41F-BD20-45CD-A437-442848690334} = {A26FBABF-E34D-4A0E-8054-B0CF99B52716}
		{6BC02581-0933-4F3D-A7D1-63EF4B75AA52} = {A26FBABF-E34D-4A0E-8054-B0CF99B52716}
		{317BB4F2-B48C-4589-9A5D-CDEA44156D16} = {A26FBABF-E34D-4A0E-8054-B0CF99B52716}
		{8538CE11-ADF9-4DB6-B1C0-64C8A2606564} = {A26FBABF-E34D-4A0E-8054-B0CF99B52716}
		{3CE38339-8722-41AA-99E4-FFF6EC08E524} = {1254A41F-BD20-45CD-A437-442848690334}
		{24246D76-99B8-434F-A9E0-E2DCFADB9150} = {1254A41F-BD20-45CD-A437-442848690334}
		{0EC9E6AB-39DA-4B5A-936C-031BEE8ED7D4} = {6BC02581-0933-4F3D-A7D1-63EF4B75AA52}
		{661355E9-053B-479C-9C2C-CB5ECA223BBB} = {6BC02581-0933-4F3D-A7D1-63EF4B75AA52}
		{D3C98B66-993F-4099-87E2-16FBA8D58D84} = {8538CE11-ADF9-4DB6-B1C0-64C8A2606564}
		{1F791D7C-3DFE-47AB-8518-710F24FB75F9} = {317BB4F2-B48C-4589-9A5D-CDEA44156D16}
	EndGlobalSection
	GlobalSection(ExtensibilityGlobals) = postSolution
		SolutionGuid = {124AE0AA-8CD6-4137-994E-037E34B18E0D}
	EndGlobalSection
EndGlobal
